
Microsoft Visual Studio Solution File, Format Version 12.00
# Visual Studio Version 17
VisualStudioVersion = 17.4.33213.308
MinimumVisualStudioVersion = 10.0.40219.1
Project("{9A19103F-16F7-4668-BE54-9A1E7A4F7556}") = "Flixplorer", "Flixplorer.csproj", "{1F2A7920-4717-4A46-80BF-8DFB12AE28A4}"
EndProject
Global
	GlobalSection(SolutionConfigurationPlatforms) = preSolution
		Debug|Any CPU = Debug|Any CPU
		Release|Any CPU = Release|Any CPU
	EndGlobalSection
	GlobalSection(ProjectConfigurationPlatforms) = postSolution
		{1F2A7920-4717-4A46-80BF-8DFB12AE28A4}.Debug|Any CPU.ActiveCfg = Debug|Any CPU
		{1F2A7920-4717-4A46-80BF-8DFB12AE28A4}.Debug|Any CPU.Build.0 = Debug|Any CPU
		{1F2A7920-4717-4A46-80BF-8DFB12AE28A4}.Release|Any CPU.ActiveCfg = Release|Any CPU
		{1F2A7920-4717-4A46-80BF-8DFB12AE28A4}.Release|Any CPU.Build.0 = Release|Any CPU
	EndGlobalSection
	GlobalSection(SolutionProperties) = preSolution
		HideSolutionNode = FALSE
	EndGlobalSection
	GlobalSection(ExtensibilityGlobals) = postSolution
		SolutionGuid = {E1887CD0-577B-4927-94C7-7482F2368DAC}
	EndGlobalSection
EndGlobal
